
Microsoft Visual Studio Solution File, Format Version 12.00
# Visual Studio 2012
Project("{FAE04EC0-301F-11D3-BF4B-00C04F79EFBC}") = "Xamarin.Android.CustomChromeTabs", "Xamarin.Android.CustomChromeTabs\Xamarin.Android.CustomChromeTabs.csproj", "{E075D4C7-70D2-421B-8DB4-1D9FFDDDD90B}"
EndProject
Project("{FAE04EC0-301F-11D3-BF4B-00C04F79EFBC}") = "ChromeCustomTabs", "Sample\ChromeCustomTabs.csproj", "{59CF662E-2BBD-40EF-B08D-1BF89D713D96}"
EndProject
Global
	GlobalSection(SolutionConfigurationPlatforms) = preSolution
		Debug|Any CPU = Debug|Any CPU
		Release|Any CPU = Release|Any CPU
	EndGlobalSection
	GlobalSection(ProjectConfigurationPlatforms) = postSolution
		{59CF662E-2BBD-40EF-B08D-1BF89D713D96}.Debug|Any CPU.ActiveCfg = Debug|Any CPU
		{59CF662E-2BBD-40EF-B08D-1BF89D713D96}.Debug|Any CPU.Build.0 = Debug|Any CPU
		{59CF662E-2BBD-40EF-B08D-1BF89D713D96}.Release|Any CPU.ActiveCfg = Release|Any CPU
		{59CF662E-2BBD-40EF-B08D-1BF89D713D96}.Release|Any CPU.Build.0 = Release|Any CPU
		{E075D4C7-70D2-421B-8DB4-1D9FFDDDD90B}.Debug|Any CPU.ActiveCfg = Debug|Any CPU
		{E075D4C7-70D2-421B-8DB4-1D9FFDDDD90B}.Debug|Any CPU.Build.0 = Debug|Any CPU
		{E075D4C7-70D2-421B-8DB4-1D9FFDDDD90B}.Release|Any CPU.ActiveCfg = Release|Any CPU
		{E075D4C7-70D2-421B-8DB4-1D9FFDDDD90B}.Release|Any CPU.Build.0 = Release|Any CPU
	EndGlobalSection
EndGlobal
